
Microsoft Visual Studio Solution File, Format Version 12.00
# Visual Studio Version 17
VisualStudioVersion = 17.2.32516.85
MinimumVisualStudioVersion = 10.0.40219.1
Project("{8BC9CEB8-8B4A-11D0-8D11-00A0C91BC942}") = "GifSnip", "GifSnip\GifSnip.vcxproj", "{474CC890-3A7E-40A3-94B7-CAD8F657EBCB}"
EndProject
Global
	GlobalSection(SolutionConfigurationPlatforms) = preSolution
		Debug|ARM64 = Debug|ARM64
		Debug|x64 = Debug|x64
		Release|ARM64 = Release|ARM64
		Release|x64 = Release|x64
	EndGlobalSection
	GlobalSection(ProjectConfigurationPlatforms) = postSolution
		{474CC890-3A7E-40A3-94B7-CAD8F657EBCB}.Debug|ARM64.ActiveCfg = Debug|ARM64
		{474CC890-3A7E-40A3-94B7-CAD8F657EBCB}.Debug|ARM64.Build.0 = Debug|ARM64
		{474CC890-3A7E-40A3-94B7-CAD8F657EBCB}.Debug|x64.ActiveCfg = Debug|x64
		{474CC890-3A7E-40A3-94B7-CAD8F657EBCB}.Debug|x64.Build.0 = Debug|x64
		{474CC890-3A7E-40A3-94B7-CAD8F657EBCB}.Release|ARM64.ActiveCfg = Release|ARM64
		{474CC890-3A7E-40A3-94B7-CAD8F657EBCB}.Release|ARM64.Build.0 = Release|ARM64
		{474CC890-3A7E-40A3-94B7-CAD8F657EBCB}.Release|x64.ActiveCfg = Release|x64
		{474CC890-3A7E-40A3-94B7-CAD8F657EBCB}.Release|x64.Build.0 = Release|x64
	EndGlobalSection
	GlobalSection(SolutionProperties) = preSolution
		HideSolutionNode = FALSE
	EndGlobalSection
	GlobalSection(ExtensibilityGlobals) = postSolution
		SolutionGuid = {10C7016D-72FB-4BC6-8B71-53294ED0299D}
	EndGlobalSection
EndGlobal
